// !$*UTF8*$!
{
	archiveVersion = 1;
	classes = {
	};
	objectVersion = 46;
	objects = {

/* Begin PBXBuildFile section */
		6907BC9D1CE46A390099ED7F /* RadioButton.swift in Sources */ = {isa = PBXBuildFile; fileRef = 6907BC9C1CE46A390099ED7F /* RadioButton.swift */; };
		6914938D1CDAC48800D4CD0E /* AppDelegate.swift in Sources */ = {isa = PBXBuildFile; fileRef = 6914938C1CDAC48800D4CD0E /* AppDelegate.swift */; };
		691493921CDAC48800D4CD0E /* Main.storyboard in Resources */ = {isa = PBXBuildFile; fileRef = 691493901CDAC48800D4CD0E /* Main.storyboard */; };
		691493941CDAC48800D4CD0E /* Assets.xcassets in Resources */ = {isa = PBXBuildFile; fileRef = 691493931CDAC48800D4CD0E /* Assets.xcassets */; };
		691493971CDAC48800D4CD0E /* LaunchScreen.storyboard in Resources */ = {isa = PBXBuildFile; fileRef = 691493951CDAC48800D4CD0E /* LaunchScreen.storyboard */; };
		691493A21CDAC48800D4CD0E /* iQuizTests.swift in Sources */ = {isa = PBXBuildFile; fileRef = 691493A11CDAC48800D4CD0E /* iQuizTests.swift */; };
		691493AD1CDAC48800D4CD0E /* iQuizUITests.swift in Sources */ = {isa = PBXBuildFile; fileRef = 691493AC1CDAC48800D4CD0E /* iQuizUITests.swift */; };
		691493BB1CDAC55200D4CD0E /* CategoriesTableViewController.swift in Sources */ = {isa = PBXBuildFile; fileRef = 691493BA1CDAC55200D4CD0E /* CategoriesTableViewController.swift */; };
		691493BD1CDAC6FB00D4CD0E /* CategoryTableViewCell.swift in Sources */ = {isa = PBXBuildFile; fileRef = 691493BC1CDAC6FB00D4CD0E /* CategoryTableViewCell.swift */; };
		691493BF1CDAC78100D4CD0E /* math.jpg in Resources */ = {isa = PBXBuildFile; fileRef = 691493BE1CDAC78100D4CD0E /* math.jpg */; };
		691493C11CDAC94900D4CD0E /* marvel.jpeg in Resources */ = {isa = PBXBuildFile; fileRef = 691493C01CDAC94900D4CD0E /* marvel.jpeg */; };
		691493C31CDAC97300D4CD0E /* science.png in Resources */ = {isa = PBXBuildFile; fileRef = 691493C21CDAC97300D4CD0E /* science.png */; };
		69376A531CDFF63F0089DAD5 /* QuizManager.swift in Sources */ = {isa = PBXBuildFile; fileRef = 69376A521CDFF63F0089DAD5 /* QuizManager.swift */; };
		69690D3B1CE4515900A23E9A /* QuizViewController.swift in Sources */ = {isa = PBXBuildFile; fileRef = 69690D3A1CE4515900A23E9A /* QuizViewController.swift */; };
		69690D3D1CE451E800A23E9A /* QuestionViewController.swift in Sources */ = {isa = PBXBuildFile; fileRef = 69690D3C1CE451E800A23E9A /* QuestionViewController.swift */; };
		69690D3F1CE451F600A23E9A /* AnswerViewController.swift in Sources */ = {isa = PBXBuildFile; fileRef = 69690D3E1CE451F600A23E9A /* AnswerViewController.swift */; };
		69B68F421CE92C2C00F0638F /* SettingsViewController.swift in Sources */ = {isa = PBXBuildFile; fileRef = 69B68F411CE92C2C00F0638F /* SettingsViewController.swift */; };
		69DE58021CE7E43000A4EAA9 /* Quiz.swift in Sources */ = {isa = PBXBuildFile; fileRef = 69DE58011CE7E43000A4EAA9 /* Quiz.swift */; };
		69DE58041CE7E99C00A4EAA9 /* Question.swift in Sources */ = {isa = PBXBuildFile; fileRef = 69DE58031CE7E99C00A4EAA9 /* Question.swift */; };
/* End PBXBuildFile section */

/* Begin PBXContainerItemProxy section */
		6914939E1CDAC48800D4CD0E /* PBXContainerItemProxy */ = {
			isa = PBXContainerItemProxy;
			containerPortal = 691493811CDAC48700D4CD0E /* Project object */;
			proxyType = 1;
			remoteGlobalIDString = 691493881CDAC48700D4CD0E;
			remoteInfo = iQuiz;
		};
		691493A91CDAC48800D4CD0E /* PBXContainerItemProxy */ = {
			isa = PBXContainerItemProxy;
			containerPortal = 691493811CDAC48700D4CD0E /* Project object */;
			proxyType = 1;
			remoteGlobalIDString = 691493881CDAC48700D4CD0E;
			remoteInfo = iQuiz;
		};
/* End PBXContainerItemProxy section */

/* Begin PBXFileReference section */
		6907BC9C1CE46A390099ED7F /* RadioButton.swift */ = {isa = PBXFileReference; fileEncoding = 4; lastKnownFileType = sourcecode.swift; path = RadioButton.swift; sourceTree = "<group>"; };
		691493891CDAC48800D4CD0E /* iQuiz.app */ = {isa = PBXFileReference; explicitFileType = wrapper.application; includeInIndex = 0; path = iQuiz.app; sourceTree = BUILT_PRODUCTS_DIR; };
		6914938C1CDAC48800D4CD0E /* AppDelegate.swift */ = {isa = PBXFileReference; lastKnownFileType = sourcecode.swift; path = AppDelegate.swift; sourceTree = "<group>"; };
		691493911CDAC48800D4CD0E /* Base */ = {isa = PBXFileReference; lastKnownFileType = file.storyboard; name = Base; path = Base.lproj/Main.storyboard; sourceTree = "<group>"; };
		691493931CDAC48800D4CD0E /* Assets.xcassets */ = {isa = PBXFileReference; lastKnownFileType = folder.assetcatalog; path = Assets.xcassets; sourceTree = "<group>"; };
		691493961CDAC48800D4CD0E /* Base */ = {isa = PBXFileReference; lastKnownFileType = file.storyboard; name = Base; path = Base.lproj/LaunchScreen.storyboard; sourceTree = "<group>"; };
		691493981CDAC48800D4CD0E /* Info.plist */ = {isa = PBXFileReference; lastKnownFileType = text.plist.xml; path = Info.plist; sourceTree = "<group>"; };
		6914939D1CDAC48800D4CD0E /* iQuizTests.xctest */ = {isa = PBXFileReference; explicitFileType = wrapper.cfbundle; includeInIndex = 0; path = iQuizTests.xctest; sourceTree = BUILT_PRODUCTS_DIR; };
		691493A11CDAC48800D4CD0E /* iQuizTests.swift */ = {isa = PBXFileReference; lastKnownFileType = sourcecode.swift; path = iQuizTests.swift; sourceTree = "<group>"; };
		691493A31CDAC48800D4CD0E /* Info.plist */ = {isa = PBXFileReference; lastKnownFileType = text.plist.xml; path = Info.plist; sourceTree = "<group>"; };
		691493A81CDAC48800D4CD0E /* iQuizUITests.xctest */ = {isa = PBXFileReference; explicitFileType = wrapper.cfbundle; includeInIndex = 0; path = iQuizUITests.xctest; sourceTree = BUILT_PRODUCTS_DIR; };
		691493AC1CDAC48800D4CD0E /* iQuizUITests.swift */ = {isa = PBXFileReference; lastKnownFileType = sourcecode.swift; path = iQuizUITests.swift; sourceTree = "<group>"; };
		691493AE1CDAC48800D4CD0E /* Info.plist */ = {isa = PBXFileReference; lastKnownFileType = text.plist.xml; path = Info.plist; sourceTree = "<group>"; };
		691493BA1CDAC55200D4CD0E /* CategoriesTableViewController.swift */ = {isa = PBXFileReference; fileEncoding = 4; lastKnownFileType = sourcecode.swift; path = CategoriesTableViewController.swift; sourceTree = "<group>"; };
		691493BC1CDAC6FB00D4CD0E /* CategoryTableViewCell.swift */ = {isa = PBXFileReference; fileEncoding = 4; lastKnownFileType = sourcecode.swift; path = CategoryTableViewCell.swift; sourceTree = "<group>"; };
		691493BE1CDAC78100D4CD0E /* math.jpg */ = {isa = PBXFileReference; lastKnownFileType = image.jpeg; path = math.jpg; sourceTree = "<group>"; };
		691493C01CDAC94900D4CD0E /* marvel.jpeg */ = {isa = PBXFileReference; lastKnownFileType = image.jpeg; path = marvel.jpeg; sourceTree = "<group>"; };
		691493C21CDAC97300D4CD0E /* science.png */ = {isa = PBXFileReference; lastKnownFileType = image.png; path = science.png; sourceTree = "<group>"; };
		69376A521CDFF63F0089DAD5 /* QuizManager.swift */ = {isa = PBXFileReference; fileEncoding = 4; lastKnownFileType = sourcecode.swift; path = QuizManager.swift; sourceTree = "<group>"; };
		69690D3A1CE4515900A23E9A /* QuizViewController.swift */ = {isa = PBXFileReference; fileEncoding = 4; lastKnownFileType = sourcecode.swift; path = QuizViewController.swift; sourceTree = "<group>"; };
		69690D3C1CE451E800A23E9A /* QuestionViewController.swift */ = {isa = PBXFileReference; fileEncoding = 4; lastKnownFileType = sourcecode.swift; path = QuestionViewController.swift; sourceTree = "<group>"; };
		69690D3E1CE451F600A23E9A /* AnswerViewController.swift */ = {isa = PBXFileReference; fileEncoding = 4; lastKnownFileType = sourcecode.swift; path = AnswerViewController.swift; sourceTree = "<group>"; };
		69B68F411CE92C2C00F0638F /* SettingsViewController.swift */ = {isa = PBXFileReference; fileEncoding = 4; lastKnownFileType = sourcecode.swift; path = SettingsViewController.swift; sourceTree = "<group>"; };
		69DE58011CE7E43000A4EAA9 /* Quiz.swift */ = {isa = PBXFileReference; fileEncoding = 4; lastKnownFileType = sourcecode.swift; path = Quiz.swift; sourceTree = "<group>"; };
		69DE58031CE7E99C00A4EAA9 /* Question.swift */ = {isa = PBXFileReference; fileEncoding = 4; lastKnownFileType = sourcecode.swift; path = Question.swift; sourceTree = "<group>"; };
/* End PBXFileReference section */

/* Begin PBXFrameworksBuildPhase section */
		691493861CDAC48700D4CD0E /* Frameworks */ = {
			isa = PBXFrameworksBuildPhase;
			buildActionMask = 2147483647;
			files = (
			);
			runOnlyForDeploymentPostprocessing = 0;
		};
		6914939A1CDAC48800D4CD0E /* Frameworks */ = {
			isa = PBXFrameworksBuildPhase;
			buildActionMask = 2147483647;
			files = (
			);
			runOnlyForDeploymentPostprocessing = 0;
		};
		691493A51CDAC48800D4CD0E /* Frameworks */ = {
			isa = PBXFrameworksBuildPhase;
			buildActionMask = 2147483647;
			files = (
			);
			runOnlyForDeploymentPostprocessing = 0;
		};
/* End PBXFrameworksBuildPhase section */

/* Begin PBXGroup section */
		6907BC971CE4639E0099ED7F /* Reusable */ = {
			isa = PBXGroup;
			children = (
				6907BC9C1CE46A390099ED7F /* RadioButton.swift */,
				69DE58011CE7E43000A4EAA9 /* Quiz.swift */,
				69DE58031CE7E99C00A4EAA9 /* Question.swift */,
			);
			name = Reusable;
			sourceTree = "<group>";
		};
		691493801CDAC48700D4CD0E = {
			isa = PBXGroup;
			children = (
				6914938B1CDAC48800D4CD0E /* iQuiz */,
				691493A01CDAC48800D4CD0E /* iQuizTests */,
				691493AB1CDAC48800D4CD0E /* iQuizUITests */,
				6914938A1CDAC48800D4CD0E /* Products */,
			);
			sourceTree = "<group>";
		};
		6914938A1CDAC48800D4CD0E /* Products */ = {
			isa = PBXGroup;
			children = (
				691493891CDAC48800D4CD0E /* iQuiz.app */,
				6914939D1CDAC48800D4CD0E /* iQuizTests.xctest */,
				691493A81CDAC48800D4CD0E /* iQuizUITests.xctest */,
			);
			name = Products;
			sourceTree = "<group>";
		};
		6914938B1CDAC48800D4CD0E /* iQuiz */ = {
			isa = PBXGroup;
			children = (
				6907BC971CE4639E0099ED7F /* Reusable */,
				6914938C1CDAC48800D4CD0E /* AppDelegate.swift */,
				691493BA1CDAC55200D4CD0E /* CategoriesTableViewController.swift */,
				691493BC1CDAC6FB00D4CD0E /* CategoryTableViewCell.swift */,
				69376A521CDFF63F0089DAD5 /* QuizManager.swift */,
				691493BE1CDAC78100D4CD0E /* math.jpg */,
				691493C21CDAC97300D4CD0E /* science.png */,
				691493C01CDAC94900D4CD0E /* marvel.jpeg */,
				691493901CDAC48800D4CD0E /* Main.storyboard */,
				691493931CDAC48800D4CD0E /* Assets.xcassets */,
				691493951CDAC48800D4CD0E /* LaunchScreen.storyboard */,
				691493981CDAC48800D4CD0E /* Info.plist */,
				69690D3A1CE4515900A23E9A /* QuizViewController.swift */,
				69690D3C1CE451E800A23E9A /* QuestionViewController.swift */,
				69690D3E1CE451F600A23E9A /* AnswerViewController.swift */,
				69B68F411CE92C2C00F0638F /* SettingsViewController.swift */,
			);
			path = iQuiz;
			sourceTree = "<group>";
		};
		691493A01CDAC48800D4CD0E /* iQuizTests */ = {
			isa = PBXGroup;
			children = (
				691493A11CDAC48800D4CD0E /* iQuizTests.swift */,
				691493A31CDAC48800D4CD0E /* Info.plist */,
			);
			path = iQuizTests;
			sourceTree = "<group>";
		};
		691493AB1CDAC48800D4CD0E /* iQuizUITests */ = {
			isa = PBXGroup;
			children = (
				691493AC1CDAC48800D4CD0E /* iQuizUITests.swift */,
				691493AE1CDAC48800D4CD0E /* Info.plist */,
			);
			path = iQuizUITests;
			sourceTree = "<group>";
		};
/* End PBXGroup section */

/* Begin PBXNativeTarget section */
		691493881CDAC48700D4CD0E /* iQuiz */ = {
			isa = PBXNativeTarget;
			buildConfigurationList = 691493B11CDAC48800D4CD0E /* Build configuration list for PBXNativeTarget "iQuiz" */;
			buildPhases = (
				691493851CDAC48700D4CD0E /* Sources */,
				691493861CDAC48700D4CD0E /* Frameworks */,
				691493871CDAC48700D4CD0E /* Resources */,
			);
			buildRules = (
			);
			dependencies = (
			);
			name = iQuiz;
			productName = iQuiz;
			productReference = 691493891CDAC48800D4CD0E /* iQuiz.app */;
			productType = "com.apple.product-type.application";
		};
		6914939C1CDAC48800D4CD0E /* iQuizTests */ = {
			isa = PBXNativeTarget;
			buildConfigurationList = 691493B41CDAC48800D4CD0E /* Build configuration list for PBXNativeTarget "iQuizTests" */;
			buildPhases = (
				691493991CDAC48800D4CD0E /* Sources */,
				6914939A1CDAC48800D4CD0E /* Frameworks */,
				6914939B1CDAC48800D4CD0E /* Resources */,
			);
			buildRules = (
			);
			dependencies = (
				6914939F1CDAC48800D4CD0E /* PBXTargetDependency */,
			);
			name = iQuizTests;
			productName = iQuizTests;
			productReference = 6914939D1CDAC48800D4CD0E /* iQuizTests.xctest */;
			productType = "com.apple.product-type.bundle.unit-test";
		};
		691493A71CDAC48800D4CD0E /* iQuizUITests */ = {
			isa = PBXNativeTarget;
			buildConfigurationList = 691493B71CDAC48800D4CD0E /* Build configuration list for PBXNativeTarget "iQuizUITests" */;
			buildPhases = (
				691493A41CDAC48800D4CD0E /* Sources */,
				691493A51CDAC48800D4CD0E /* Frameworks */,
				691493A61CDAC48800D4CD0E /* Resources */,
			);
			buildRules = (
			);
			dependencies = (
				691493AA1CDAC48800D4CD0E /* PBXTargetDependency */,
			);
			name = iQuizUITests;
			productName = iQuizUITests;
			productReference = 691493A81CDAC48800D4CD0E /* iQuizUITests.xctest */;
			productType = "com.apple.product-type.bundle.ui-testing";
		};
/* End PBXNativeTarget section */

/* Begin PBXProject section */
		691493811CDAC48700D4CD0E /* Project object */ = {
			isa = PBXProject;
			attributes = {
				LastSwiftUpdateCheck = 0730;
				LastUpgradeCheck = 0730;
				ORGANIZATIONNAME = "Trevor Allen";
				TargetAttributes = {
					691493881CDAC48700D4CD0E = {
						CreatedOnToolsVersion = 7.3;
					};
					6914939C1CDAC48800D4CD0E = {
						CreatedOnToolsVersion = 7.3;
						TestTargetID = 691493881CDAC48700D4CD0E;
					};
					691493A71CDAC48800D4CD0E = {
						CreatedOnToolsVersion = 7.3;
						TestTargetID = 691493881CDAC48700D4CD0E;
					};
				};
			};
			buildConfigurationList = 691493841CDAC48700D4CD0E /* Build configuration list for PBXProject "iQuiz" */;
			compatibilityVersion = "Xcode 3.2";
			developmentRegion = English;
			hasScannedForEncodings = 0;
			knownRegions = (
				en,
				Base,
			);
			mainGroup = 691493801CDAC48700D4CD0E;
			productRefGroup = 6914938A1CDAC48800D4CD0E /* Products */;
			projectDirPath = "";
			projectRoot = "";
			targets = (
				691493881CDAC48700D4CD0E /* iQuiz */,
				6914939C1CDAC48800D4CD0E /* iQuizTests */,
				691493A71CDAC48800D4CD0E /* iQuizUITests */,
			);
		};
/* End PBXProject section */

/* Begin PBXResourcesBuildPhase section */
		691493871CDAC48700D4CD0E /* Resources */ = {
			isa = PBXResourcesBuildPhase;
			buildActionMask = 2147483647;
			files = (
				691493971CDAC48800D4CD0E /* LaunchScreen.storyboard in Resources */,
				691493BF1CDAC78100D4CD0E /* math.jpg in Resources */,
				691493C11CDAC94900D4CD0E /* marvel.jpeg in Resources */,
				691493941CDAC48800D4CD0E /* Assets.xcassets in Resources */,
				691493C31CDAC97300D4CD0E /* science.png in Resources */,
				691493921CDAC48800D4CD0E /* Main.storyboard in Resources */,
			);
			runOnlyForDeploymentPostprocessing = 0;
		};
		6914939B1CDAC48800D4CD0E /* Resources */ = {
			isa = PBXResourcesBuildPhase;
			buildActionMask = 2147483647;
			files = (
			);
			runOnlyForDeploymentPostprocessing = 0;
		};
		691493A61CDAC48800D4CD0E /* Resources */ = {
			isa = PBXResourcesBuildPhase;
			buildActionMask = 2147483647;
			files = (
			);
			runOnlyForDeploymentPostprocessing = 0;
		};
/* End PBXResourcesBuildPhase section */

/* Begin PBXSourcesBuildPhase section */
		691493851CDAC48700D4CD0E /* Sources */ = {
			isa = PBXSourcesBuildPhase;
			buildActionMask = 2147483647;
			files = (
				69376A531CDFF63F0089DAD5 /* QuizManager.swift in Sources */,
				69690D3F1CE451F600A23E9A /* AnswerViewController.swift in Sources */,
				69B68F421CE92C2C00F0638F /* SettingsViewController.swift in Sources */,
				69690D3B1CE4515900A23E9A /* QuizViewController.swift in Sources */,
				69690D3D1CE451E800A23E9A /* QuestionViewController.swift in Sources */,
				6914938D1CDAC48800D4CD0E /* AppDelegate.swift in Sources */,
				69DE58041CE7E99C00A4EAA9 /* Question.swift in Sources */,
				691493BB1CDAC55200D4CD0E /* CategoriesTableViewController.swift in Sources */,
				691493BD1CDAC6FB00D4CD0E /* CategoryTableViewCell.swift in Sources */,
				6907BC9D1CE46A390099ED7F /* RadioButton.swift in Sources */,
				69DE58021CE7E43000A4EAA9 /* Quiz.swift in Sources */,
			);
			runOnlyForDeploymentPostprocessing = 0;
		};
		691493991CDAC48800D4CD0E /* Sources */ = {
			isa = PBXSourcesBuildPhase;
			buildActionMask = 2147483647;
			files = (
				691493A21CDAC48800D4CD0E /* iQuizTests.swift in Sources */,
			);
			runOnlyForDeploymentPostprocessing = 0;
		};
		691493A41CDAC48800D4CD0E /* Sources */ = {
			isa = PBXSourcesBuildPhase;
			buildActionMask = 2147483647;
			files = (
				691493AD1CDAC48800D4CD0E /* iQuizUITests.swift in Sources */,
			);
			runOnlyForDeploymentPostprocessing = 0;
		};
/* End PBXSourcesBuildPhase section */

/* Begin PBXTargetDependency section */
		6914939F1CDAC48800D4CD0E /* PBXTargetDependency */ = {
			isa = PBXTargetDependency;
			target = 691493881CDAC48700D4CD0E /* iQuiz */;
			targetProxy = 6914939E1CDAC48800D4CD0E /* PBXContainerItemProxy */;
		};
		691493AA1CDAC48800D4CD0E /* PBXTargetDependency */ = {
			isa = PBXTargetDependency;
			target = 691493881CDAC48700D4CD0E /* iQuiz */;
			targetProxy = 691493A91CDAC48800D4CD0E /* PBXContainerItemProxy */;
		};
/* End PBXTargetDependency section */

/* Begin PBXVariantGroup section */
		691493901CDAC48800D4CD0E /* Main.storyboard */ = {
			isa = PBXVariantGroup;
			children = (
				691493911CDAC48800D4CD0E /* Base */,
			);
			name = Main.storyboard;
			sourceTree = "<group>";
		};
		691493951CDAC48800D4CD0E /* LaunchScreen.storyboard */ = {
			isa = PBXVariantGroup;
			children = (
				691493961CDAC48800D4CD0E /* Base */,
			);
			name = LaunchScreen.storyboard;
			sourceTree = "<group>";
		};
/* End PBXVariantGroup section */

/* Begin XCBuildConfiguration section */
		691493AF1CDAC48800D4CD0E /* Debug */ = {
			isa = XCBuildConfiguration;
			buildSettings = {
				ALWAYS_SEARCH_USER_PATHS = NO;
				CLANG_ANALYZER_NONNULL = YES;
				CLANG_CXX_LANGUAGE_STANDARD = "gnu++0x";
				CLANG_CXX_LIBRARY = "libc++";
				CLANG_ENABLE_MODULES = YES;
				CLANG_ENABLE_OBJC_ARC = YES;
				CLANG_WARN_BOOL_CONVERSION = YES;
				CLANG_WARN_CONSTANT_CONVERSION = YES;
				CLANG_WARN_DIRECT_OBJC_ISA_USAGE = YES_ERROR;
				CLANG_WARN_EMPTY_BODY = YES;
				CLANG_WARN_ENUM_CONVERSION = YES;
				CLANG_WARN_INT_CONVERSION = YES;
				CLANG_WARN_OBJC_ROOT_CLASS = YES_ERROR;
				CLANG_WARN_UNREACHABLE_CODE = YES;
				CLANG_WARN__DUPLICATE_METHOD_MATCH = YES;
				"CODE_SIGN_IDENTITY[sdk=iphoneos*]" = "iPhone Developer";
				COPY_PHASE_STRIP = NO;
				DEBUG_INFORMATION_FORMAT = dwarf;
				ENABLE_STRICT_OBJC_MSGSEND = YES;
				ENABLE_TESTABILITY = YES;
				GCC_C_LANGUAGE_STANDARD = gnu99;
				GCC_DYNAMIC_NO_PIC = NO;
				GCC_NO_COMMON_BLOCKS = YES;
				GCC_OPTIMIZATION_LEVEL = 0;
				GCC_PREPROCESSOR_DEFINITIONS = (
					"DEBUG=1",
					"$(inherited)",
				);
				GCC_WARN_64_TO_32_BIT_CONVERSION = YES;
				GCC_WARN_ABOUT_RETURN_TYPE = YES_ERROR;
				GCC_WARN_UNDECLARED_SELECTOR = YES;
				GCC_WARN_UNINITIALIZED_AUTOS = YES_AGGRESSIVE;
				GCC_WARN_UNUSED_FUNCTION = YES;
				GCC_WARN_UNUSED_VARIABLE = YES;
				IPHONEOS_DEPLOYMENT_TARGET = 9.3;
				MTL_ENABLE_DEBUG_INFO = YES;
				ONLY_ACTIVE_ARCH = YES;
				SDKROOT = iphoneos;
				SWIFT_OPTIMIZATION_LEVEL = "-Onone";
			};
			name = Debug;
		};
		691493B01CDAC48800D4CD0E /* Release */ = {
			isa = XCBuildConfiguration;
			buildSettings = {
				ALWAYS_SEARCH_USER_PATHS = NO;
				CLANG_ANALYZER_NONNULL = YES;
				CLANG_CXX_LANGUAGE_STANDARD = "gnu++0x";
				CLANG_CXX_LIBRARY = "libc++";
				CLANG_ENABLE_MODULES = YES;
				CLANG_ENABLE_OBJC_ARC = YES;
				CLANG_WARN_BOOL_CONVERSION = YES;
				CLANG_WARN_CONSTANT_CONVERSION = YES;
				CLANG_WARN_DIRECT_OBJC_ISA_USAGE = YES_ERROR;
				CLANG_WARN_EMPTY_BODY = YES;
				CLANG_WARN_ENUM_CONVERSION = YES;
				CLANG_WARN_INT_CONVERSION = YES;
				CLANG_WARN_OBJC_ROOT_CLASS = YES_ERROR;
				CLANG_WARN_UNREACHABLE_CODE = YES;
				CLANG_WARN__DUPLICATE_METHOD_MATCH = YES;
				"CODE_SIGN_IDENTITY[sdk=iphoneos*]" = "iPhone Developer";
				COPY_PHASE_STRIP = NO;
				DEBUG_INFORMATION_FORMAT = "dwarf-with-dsym";
				ENABLE_NS_ASSERTIONS = NO;
				ENABLE_STRICT_OBJC_MSGSEND = YES;
				GCC_C_LANGUAGE_STANDARD = gnu99;
				GCC_NO_COMMON_BLOCKS = YES;
				GCC_WARN_64_TO_32_BIT_CONVERSION = YES;
				GCC_WARN_ABOUT_RETURN_TYPE = YES_ERROR;
				GCC_WARN_UNDECLARED_SELECTOR = YES;
				GCC_WARN_UNINITIALIZED_AUTOS = YES_AGGRESSIVE;
				GCC_WARN_UNUSED_FUNCTION = YES;
				GCC_WARN_UNUSED_VARIABLE = YES;
				IPHONEOS_DEPLOYMENT_TARGET = 9.3;
				MTL_ENABLE_DEBUG_INFO = NO;
				SDKROOT = iphoneos;
				VALIDATE_PRODUCT = YES;
			};
			name = Release;
		};
		691493B21CDAC48800D4CD0E /* Debug */ = {
			isa = XCBuildConfiguration;
			buildSettings = {
				ASSETCATALOG_COMPILER_APPICON_NAME = AppIcon;
				INFOPLIST_FILE = iQuiz/Info.plist;
				LD_RUNPATH_SEARCH_PATHS = "$(inherited) @executable_path/Frameworks";
				PRODUCT_BUNDLE_IDENTIFIER = com.trevor.info498.iQuiz;
				PRODUCT_NAME = "$(TARGET_NAME)";
			};
			name = Debug;
		};
		691493B31CDAC48800D4CD0E /* Release */ = {
			isa = XCBuildConfiguration;
			buildSettings = {
				ASSETCATALOG_COMPILER_APPICON_NAME = AppIcon;
				INFOPLIST_FILE = iQuiz/Info.plist;
				LD_RUNPATH_SEARCH_PATHS = "$(inherited) @executable_path/Frameworks";
				PRODUCT_BUNDLE_IDENTIFIER = com.trevor.info498.iQuiz;
				PRODUCT_NAME = "$(TARGET_NAME)";
			};
			name = Release;
		};
		691493B51CDAC48800D4CD0E /* Debug */ = {
			isa = XCBuildConfiguration;
			buildSettings = {
				BUNDLE_LOADER = "$(TEST_HOST)";
				INFOPLIST_FILE = iQuizTests/Info.plist;
				LD_RUNPATH_SEARCH_PATHS = "$(inherited) @executable_path/Frameworks @loader_path/Frameworks";
				PRODUCT_BUNDLE_IDENTIFIER = com.trevor.info498.iQuizTests;
				PRODUCT_NAME = "$(TARGET_NAME)";
				TEST_HOST = "$(BUILT_PRODUCTS_DIR)/iQuiz.app/iQuiz";
			};
			name = Debug;
		};
		691493B61CDAC48800D4CD0E /* Release */ = {
			isa = XCBuildConfiguration;
			buildSettings = {
				BUNDLE_LOADER = "$(TEST_HOST)";
				INFOPLIST_FILE = iQuizTests/Info.plist;
				LD_RUNPATH_SEARCH_PATHS = "$(inherited) @executable_path/Frameworks @loader_path/Frameworks";
				PRODUCT_BUNDLE_IDENTIFIER = com.trevor.info498.iQuizTests;
				PRODUCT_NAME = "$(TARGET_NAME)";
				TEST_HOST = "$(BUILT_PRODUCTS_DIR)/iQuiz.app/iQuiz";
			};
			name = Release;
		};
		691493B81CDAC48800D4CD0E /* Debug */ = {
			isa = XCBuildConfiguration;
			buildSettings = {
				INFOPLIST_FILE = iQuizUITests/Info.plist;
				LD_RUNPATH_SEARCH_PATHS = "$(inherited) @executable_path/Frameworks @loader_path/Frameworks";
				PRODUCT_BUNDLE_IDENTIFIER = com.trevor.info498.iQuizUITests;
				PRODUCT_NAME = "$(TARGET_NAME)";
				TEST_TARGET_NAME = iQuiz;
			};
			name = Debug;
		};
		691493B91CDAC48800D4CD0E /* Release */ = {
			isa = XCBuildConfiguration;
			buildSettings = {
				INFOPLIST_FILE = iQuizUITests/Info.plist;
				LD_RUNPATH_SEARCH_PATHS = "$(inherited) @executable_path/Frameworks @loader_path/Frameworks";
				PRODUCT_BUNDLE_IDENTIFIER = com.trevor.info498.iQuizUITests;
				PRODUCT_NAME = "$(TARGET_NAME)";
				TEST_TARGET_NAME = iQuiz;
			};
			name = Release;
		};
/* End XCBuildConfiguration section */

/* Begin XCConfigurationList section */
		691493841CDAC48700D4CD0E /* Build configuration list for PBXProject "iQuiz" */ = {
			isa = XCConfigurationList;
			buildConfigurations = (
				691493AF1CDAC48800D4CD0E /* Debug */,
				691493B01CDAC48800D4CD0E /* Release */,
			);
			defaultConfigurationIsVisible = 0;
			defaultConfigurationName = Release;
		};
		691493B11CDAC48800D4CD0E /* Build configuration list for PBXNativeTarget "iQuiz" */ = {
			isa = XCConfigurationList;
			buildConfigurations = (
				691493B21CDAC48800D4CD0E /* Debug */,
				691493B31CDAC48800D4CD0E /* Release */,
			);
			defaultConfigurationIsVisible = 0;
			defaultConfigurationName = Release;
		};
		691493B41CDAC48800D4CD0E /* Build configuration list for PBXNativeTarget "iQuizTests" */ = {
			isa = XCConfigurationList;
			buildConfigurations = (
				691493B51CDAC48800D4CD0E /* Debug */,
				691493B61CDAC48800D4CD0E /* Release */,
			);
			defaultConfigurationIsVisible = 0;
			defaultConfigurationName = Release;
		};
		691493B71CDAC48800D4CD0E /* Build configuration list for PBXNativeTarget "iQuizUITests" */ = {
			isa = XCConfigurationList;
			buildConfigurations = (
				691493B81CDAC48800D4CD0E /* Debug */,
				691493B91CDAC48800D4CD0E /* Release */,
			);
			defaultConfigurationIsVisible = 0;
			defaultConfigurationName = Release;
		};
/* End XCConfigurationList section */
	};
	rootObject = 691493811CDAC48700D4CD0E /* Project object */;
}
